
Microsoft Visual Studio Solution File, Format Version 12.00
# Visual Studio Version 17
VisualStudioVersion = 17.3.32901.215
MinimumVisualStudioVersion = 10.0.40219.1
Project("{9A19103F-16F7-4668-BE54-9A1E7A4F7556}") = "WS1", "WS1\WS1.csproj", "{BFE7A228-85BF-42DF-B9AB-E4D3AA6B0E70}"
EndProject
Project("{9A19103F-16F7-4668-BE54-9A1E7A4F7556}") = "RabbitMQSender", "RabbitMQSender\RabbitMQSender.csproj", "{8F7F938D-CE84-4ED4-9394-95B8E4DED356}"
EndProject
Project("{FAE04EC0-301F-11D3-BF4B-00C04F79EFBC}") = "WS1.Tests", "WS1.Tests\WS1.Tests.csproj", "{699B503B-6D07-4DE5-8F8F-6E51F01764F1}"
EndProject
Global
	GlobalSection(SolutionConfigurationPlatforms) = preSolution
		Debug|Any CPU = Debug|Any CPU
		Release|Any CPU = Release|Any CPU
	EndGlobalSection
	GlobalSection(ProjectConfigurationPlatforms) = postSolution
		{BFE7A228-85BF-42DF-B9AB-E4D3AA6B0E70}.Debug|Any CPU.ActiveCfg = Debug|Any CPU
		{BFE7A228-85BF-42DF-B9AB-E4D3AA6B0E70}.Debug|Any CPU.Build.0 = Debug|Any CPU
		{BFE7A228-85BF-42DF-B9AB-E4D3AA6B0E70}.Release|Any CPU.ActiveCfg = Release|Any CPU
		{BFE7A228-85BF-42DF-B9AB-E4D3AA6B0E70}.Release|Any CPU.Build.0 = Release|Any CPU
		{8F7F938D-CE84-4ED4-9394-95B8E4DED356}.Debug|Any CPU.ActiveCfg = Debug|Any CPU
		{8F7F938D-CE84-4ED4-9394-95B8E4DED356}.Debug|Any CPU.Build.0 = Debug|Any CPU
		{8F7F938D-CE84-4ED4-9394-95B8E4DED356}.Release|Any CPU.ActiveCfg = Release|Any CPU
		{8F7F938D-CE84-4ED4-9394-95B8E4DED356}.Release|Any CPU.Build.0 = Release|Any CPU
		{699B503B-6D07-4DE5-8F8F-6E51F01764F1}.Debug|Any CPU.ActiveCfg = Debug|Any CPU
		{699B503B-6D07-4DE5-8F8F-6E51F01764F1}.Debug|Any CPU.Build.0 = Debug|Any CPU
		{699B503B-6D07-4DE5-8F8F-6E51F01764F1}.Release|Any CPU.ActiveCfg = Release|Any CPU
		{699B503B-6D07-4DE5-8F8F-6E51F01764F1}.Release|Any CPU.Build.0 = Release|Any CPU
	EndGlobalSection
	GlobalSection(SolutionProperties) = preSolution
		HideSolutionNode = FALSE
	EndGlobalSection
	GlobalSection(ExtensibilityGlobals) = postSolution
		SolutionGuid = {3CA7FB64-2214-495E-AE47-B4153C1DB29D}
	EndGlobalSection
EndGlobal
